
Microsoft Visual Studio Solution File, Format Version 12.00
# Visual Studio 2012
Project("{FAE04EC0-301F-11D3-BF4B-00C04F79EFBC}") = "Data Structures and Algorithms", "Data Structures and Algorithms\Data Structures and Algorithms.csproj", "{22235E63-6AF9-4224-989B-D3A94E4C87E5}"
EndProject
Project("{FAE04EC0-301F-11D3-BF4B-00C04F79EFBC}") = "UnitTests", "UnitTests\UnitTests.csproj", "{16E7E3CE-A3A5-4DD6-978C-8A67BC454F82}"
EndProject
Global
	GlobalSection(SolutionConfigurationPlatforms) = preSolution
		Debug|Any CPU = Debug|Any CPU
		Release|Any CPU = Release|Any CPU
	EndGlobalSection
	GlobalSection(ProjectConfigurationPlatforms) = postSolution
		{22235E63-6AF9-4224-989B-D3A94E4C87E5}.Debug|Any CPU.ActiveCfg = Debug|Any CPU
		{22235E63-6AF9-4224-989B-D3A94E4C87E5}.Debug|Any CPU.Build.0 = Debug|Any CPU
		{22235E63-6AF9-4224-989B-D3A94E4C87E5}.Release|Any CPU.ActiveCfg = Release|Any CPU
		{22235E63-6AF9-4224-989B-D3A94E4C87E5}.Release|Any CPU.Build.0 = Release|Any CPU
		{16E7E3CE-A3A5-4DD6-978C-8A67BC454F82}.Debug|Any CPU.ActiveCfg = Debug|Any CPU
		{16E7E3CE-A3A5-4DD6-978C-8A67BC454F82}.Debug|Any CPU.Build.0 = Debug|Any CPU
		{16E7E3CE-A3A5-4DD6-978C-8A67BC454F82}.Release|Any CPU.ActiveCfg = Release|Any CPU
		{16E7E3CE-A3A5-4DD6-978C-8A67BC454F82}.Release|Any CPU.Build.0 = Release|Any CPU
	EndGlobalSection
	GlobalSection(SolutionProperties) = preSolution
		HideSolutionNode = FALSE
	EndGlobalSection
EndGlobal
